
Microsoft Visual Studio Solution File, Format Version 12.00
# Visual Studio 2013
VisualStudioVersion = 12.0.21005.1
MinimumVisualStudioVersion = 10.0.40219.1
Project("{FAE04EC0-301F-11D3-BF4B-00C04F79EFBC}") = "CSDemoWebApp", "CSDemoWebApp\CSDemoWebApp.csproj", "{20C35C75-4918-44DE-8836-0F0D70CAB468}"
EndProject
Project("{FAE04EC0-301F-11D3-BF4B-00C04F79EFBC}") = "CSDemoWebApp.Test", "CSDemoWebApp.Test\CSDemoWebApp.Test.csproj", "{C061D62C-3B72-4EA1-91EC-E9DBBF1C1C27}"
EndProject
Global
	GlobalSection(SolutionConfigurationPlatforms) = preSolution
		Debug|Any CPU = Debug|Any CPU
		Release|Any CPU = Release|Any CPU
	EndGlobalSection
	GlobalSection(ProjectConfigurationPlatforms) = postSolution
		{20C35C75-4918-44DE-8836-0F0D70CAB468}.Debug|Any CPU.ActiveCfg = Debug|Any CPU
		{20C35C75-4918-44DE-8836-0F0D70CAB468}.Debug|Any CPU.Build.0 = Debug|Any CPU
		{20C35C75-4918-44DE-8836-0F0D70CAB468}.Release|Any CPU.ActiveCfg = Release|Any CPU
		{20C35C75-4918-44DE-8836-0F0D70CAB468}.Release|Any CPU.Build.0 = Release|Any CPU
		{C061D62C-3B72-4EA1-91EC-E9DBBF1C1C27}.Debug|Any CPU.ActiveCfg = Debug|Any CPU
		{C061D62C-3B72-4EA1-91EC-E9DBBF1C1C27}.Debug|Any CPU.Build.0 = Debug|Any CPU
		{C061D62C-3B72-4EA1-91EC-E9DBBF1C1C27}.Release|Any CPU.ActiveCfg = Release|Any CPU
		{C061D62C-3B72-4EA1-91EC-E9DBBF1C1C27}.Release|Any CPU.Build.0 = Release|Any CPU
	EndGlobalSection
	GlobalSection(SolutionProperties) = preSolution
		HideSolutionNode = FALSE
	EndGlobalSection
EndGlobal
